# This file is generated by running "yarn install" inside your project.
# Manual changes might be lost - proceed with caution!

__metadata:
  version: 6
  cacheKey: 8

"@playwright/test@npm:1.30.0":
  version: 1.30.0
  resolution: "@playwright/test@npm:1.30.0"
  dependencies:
    "@types/node": "*"
    playwright-core: 1.30.0
  bin:
    playwright: cli.js
  checksum: 777432ac9cf3d0341fcd8dd265cb4c0775619d0ef48252b32a7c4d632d8038449756ec34bec873828cadbc08ba634e81176cb193304d34e699472771b7fb4d1e
  languageName: node
  linkType: hard

"@types/node@npm:*":
  version: 18.16.0
  resolution: "@types/node@npm:18.16.0"
  checksum: 63e0042136663b9e85ce503a4c65406cc6621fdba63ea66c74b4b1364a9aa9bdb57cadcb76696abab177f38a819b0fa6ace9e7f1647dcb990aedb1b4bd01012f
  languageName: node
  linkType: hard

"playwright-core@npm:1.30.0":
  version: 1.30.0
  resolution: "playwright-core@npm:1.30.0"
  bin:
    playwright: cli.js
  checksum: 4c5693f27245a1168f94708ecd8e1eb0d200de435b25cc07cfa25b97a094633818954dc00baf24e0ff551825f672050b83d1309362c1f97213fe8ebd2a147ed9
  languageName: node
  linkType: hard

"playwright-test@workspace:.":
  version: 0.0.0-use.local
  resolution: "playwright-test@workspace:."
  dependencies:
    "@playwright/test": 1.30.0
  languageName: unknown
  linkType: soft
